
Microsoft Visual Studio Solution File, Format Version 12.00
# Visual Studio Version 16
VisualStudioVersion = 16.0.31624.102
MinimumVisualStudioVersion = 10.0.40219.1
Project("{9A19103F-16F7-4668-BE54-9A1E7A4F7556}") = "Wiederholung", "Wiederholung\Wiederholung.csproj", "{74CE8A7A-06B0-4BDD-BFD2-D1B5D65066DA}"
EndProject
Project("{2150E333-8FDC-42A3-9474-1A3956D46DE8}") = "Übungen", "Übungen", "{C3D4BCBD-1B22-45C1-A74A-B21F45C511E1}"
EndProject
Project("{9A19103F-16F7-4668-BE54-9A1E7A4F7556}") = "Kontoverwaltung", "Kontoverwaltung\Kontoverwaltung.csproj", "{0DADBF30-53F9-4194-A66D-B3C7E6F0E2DE}"
EndProject
Project("{9A19103F-16F7-4668-BE54-9A1E7A4F7556}") = "Spell", "Spell\Spell.csproj", "{03F8EB9F-EF8E-494F-834B-3445BACFA46A}"
EndProject
Project("{9A19103F-16F7-4668-BE54-9A1E7A4F7556}") = "IPAdressenÜbung", "IPAdressenÜbung\IPAdressenÜbung.csproj", "{83D965C2-3A54-4A5B-8059-7A5D1C7C27B5}"
EndProject
Project("{2150E333-8FDC-42A3-9474-1A3956D46DE8}") = "Themen", "Themen", "{BEE83FAC-0FAA-4C4F-9FC4-DF641D138C02}"
EndProject
Project("{FAE04EC0-301F-11D3-BF4B-00C04F79EFBC}") = "ErstesWindowsFenster", "ErstesWindowsFenster\ErstesWindowsFenster.csproj", "{262D2570-7875-4F7A-952C-A6A34298AAAC}"
EndProject
Project("{FAE04EC0-301F-11D3-BF4B-00C04F79EFBC}") = "FormsDesigner", "FormsDesigner\FormsDesigner.csproj", "{116A074E-D17A-4F01-AD0E-8AB47B2A97E8}"
EndProject
Project("{2150E333-8FDC-42A3-9474-1A3956D46DE8}") = "Wiederholungen", "Wiederholungen", "{FEF0D299-A35E-4976-8422-506B2AAA38A2}"
EndProject
Project("{FAE04EC0-301F-11D3-BF4B-00C04F79EFBC}") = "WinForms", "WinForms\WinForms.csproj", "{A994FBE0-6E9A-462E-9F21-ED8190D675FD}"
EndProject
Project("{FAE04EC0-301F-11D3-BF4B-00C04F79EFBC}") = "Passwort", "Passwort\Passwort.csproj", "{DFB0F0C2-CB63-42D8-9F61-6A238EB5A9A6}"
EndProject
Project("{FAE04EC0-301F-11D3-BF4B-00C04F79EFBC}") = "GanzzahlRechner2", "GanzzahlRechner2\GanzzahlRechner2.csproj", "{711ACB4B-3063-4F9E-88E6-10481741B3BF}"
EndProject
Project("{FAE04EC0-301F-11D3-BF4B-00C04F79EFBC}") = "StatischeElemente", "StatischeElemente\StatischeElemente.csproj", "{70A04D61-9265-4DF9-9EC7-FDFA3E5DEFD8}"
EndProject
Project("{FAE04EC0-301F-11D3-BF4B-00C04F79EFBC}") = "GeoObjekte", "GeoObjekte\GeoObjekte.csproj", "{D4B8408B-60D8-4165-8953-AD6ED147B8D5}"
EndProject
Project("{FAE04EC0-301F-11D3-BF4B-00C04F79EFBC}") = "VererbungPolymorphie", "VererbungPolymorphie\VererbungPolymorphie.csproj", "{996F410C-D629-4947-92AF-23B6E73A0A21}"
EndProject
Project("{FAE04EC0-301F-11D3-BF4B-00C04F79EFBC}") = "Polymorphie", "Polymorphie\Polymorphie.csproj", "{3C85E5CF-A7D5-44EF-98D5-996A1DB95D6B}"
EndProject
Project("{FAE04EC0-301F-11D3-BF4B-00C04F79EFBC}") = "Overloading", "Overloading\Overloading.csproj", "{D2CA7933-CF10-4EE0-B12A-6EBCCABEC5EA}"
EndProject
Project("{FAE04EC0-301F-11D3-BF4B-00C04F79EFBC}") = "Rechnerverwaltung", "Rechnerverwaltung\Rechnerverwaltung.csproj", "{1042D0C4-4317-4614-918E-8EF2FC986817}"
EndProject
Global
	GlobalSection(SolutionConfigurationPlatforms) = preSolution
		Debug|Any CPU = Debug|Any CPU
		Release|Any CPU = Release|Any CPU
	EndGlobalSection
	GlobalSection(ProjectConfigurationPlatforms) = postSolution
		{74CE8A7A-06B0-4BDD-BFD2-D1B5D65066DA}.Debug|Any CPU.ActiveCfg = Debug|Any CPU
		{74CE8A7A-06B0-4BDD-BFD2-D1B5D65066DA}.Debug|Any CPU.Build.0 = Debug|Any CPU
		{74CE8A7A-06B0-4BDD-BFD2-D1B5D65066DA}.Release|Any CPU.ActiveCfg = Release|Any CPU
		{74CE8A7A-06B0-4BDD-BFD2-D1B5D65066DA}.Release|Any CPU.Build.0 = Release|Any CPU
		{0DADBF30-53F9-4194-A66D-B3C7E6F0E2DE}.Debug|Any CPU.ActiveCfg = Debug|Any CPU
		{0DADBF30-53F9-4194-A66D-B3C7E6F0E2DE}.Debug|Any CPU.Build.0 = Debug|Any CPU
		{0DADBF30-53F9-4194-A66D-B3C7E6F0E2DE}.Release|Any CPU.ActiveCfg = Release|Any CPU
		{0DADBF30-53F9-4194-A66D-B3C7E6F0E2DE}.Release|Any CPU.Build.0 = Release|Any CPU
		{03F8EB9F-EF8E-494F-834B-3445BACFA46A}.Debug|Any CPU.ActiveCfg = Debug|Any CPU
		{03F8EB9F-EF8E-494F-834B-3445BACFA46A}.Debug|Any CPU.Build.0 = Debug|Any CPU
		{03F8EB9F-EF8E-494F-834B-3445BACFA46A}.Release|Any CPU.ActiveCfg = Release|Any CPU
		{03F8EB9F-EF8E-494F-834B-3445BACFA46A}.Release|Any CPU.Build.0 = Release|Any CPU
		{83D965C2-3A54-4A5B-8059-7A5D1C7C27B5}.Debug|Any CPU.ActiveCfg = Debug|Any CPU
		{83D965C2-3A54-4A5B-8059-7A5D1C7C27B5}.Debug|Any CPU.Build.0 = Debug|Any CPU
		{83D965C2-3A54-4A5B-8059-7A5D1C7C27B5}.Release|Any CPU.ActiveCfg = Release|Any CPU
		{83D965C2-3A54-4A5B-8059-7A5D1C7C27B5}.Release|Any CPU.Build.0 = Release|Any CPU
		{262D2570-7875-4F7A-952C-A6A34298AAAC}.Debug|Any CPU.ActiveCfg = Debug|Any CPU
		{262D2570-7875-4F7A-952C-A6A34298AAAC}.Debug|Any CPU.Build.0 = Debug|Any CPU
		{262D2570-7875-4F7A-952C-A6A34298AAAC}.Release|Any CPU.ActiveCfg = Release|Any CPU
		{262D2570-7875-4F7A-952C-A6A34298AAAC}.Release|Any CPU.Build.0 = Release|Any CPU
		{116A074E-D17A-4F01-AD0E-8AB47B2A97E8}.Debug|Any CPU.ActiveCfg = Debug|Any CPU
		{116A074E-D17A-4F01-AD0E-8AB47B2A97E8}.Debug|Any CPU.Build.0 = Debug|Any CPU
		{116A074E-D17A-4F01-AD0E-8AB47B2A97E8}.Release|Any CPU.ActiveCfg = Release|Any CPU
		{116A074E-D17A-4F01-AD0E-8AB47B2A97E8}.Release|Any CPU.Build.0 = Release|Any CPU
		{A994FBE0-6E9A-462E-9F21-ED8190D675FD}.Debug|Any CPU.ActiveCfg = Debug|Any CPU
		{A994FBE0-6E9A-462E-9F21-ED8190D675FD}.Debug|Any CPU.Build.0 = Debug|Any CPU
		{A994FBE0-6E9A-462E-9F21-ED8190D675FD}.Release|Any CPU.ActiveCfg = Release|Any CPU
		{A994FBE0-6E9A-462E-9F21-ED8190D675FD}.Release|Any CPU.Build.0 = Release|Any CPU
		{DFB0F0C2-CB63-42D8-9F61-6A238EB5A9A6}.Debug|Any CPU.ActiveCfg = Debug|Any CPU
		{DFB0F0C2-CB63-42D8-9F61-6A238EB5A9A6}.Debug|Any CPU.Build.0 = Debug|Any CPU
		{DFB0F0C2-CB63-42D8-9F61-6A238EB5A9A6}.Release|Any CPU.ActiveCfg = Release|Any CPU
		{DFB0F0C2-CB63-42D8-9F61-6A238EB5A9A6}.Release|Any CPU.Build.0 = Release|Any CPU
		{711ACB4B-3063-4F9E-88E6-10481741B3BF}.Debug|Any CPU.ActiveCfg = Debug|Any CPU
		{711ACB4B-3063-4F9E-88E6-10481741B3BF}.Debug|Any CPU.Build.0 = Debug|Any CPU
		{711ACB4B-3063-4F9E-88E6-10481741B3BF}.Release|Any CPU.ActiveCfg = Release|Any CPU
		{711ACB4B-3063-4F9E-88E6-10481741B3BF}.Release|Any CPU.Build.0 = Release|Any CPU
		{70A04D61-9265-4DF9-9EC7-FDFA3E5DEFD8}.Debug|Any CPU.ActiveCfg = Debug|Any CPU
		{70A04D61-9265-4DF9-9EC7-FDFA3E5DEFD8}.Debug|Any CPU.Build.0 = Debug|Any CPU
		{70A04D61-9265-4DF9-9EC7-FDFA3E5DEFD8}.Release|Any CPU.ActiveCfg = Release|Any CPU
		{70A04D61-9265-4DF9-9EC7-FDFA3E5DEFD8}.Release|Any CPU.Build.0 = Release|Any CPU
		{D4B8408B-60D8-4165-8953-AD6ED147B8D5}.Debug|Any CPU.ActiveCfg = Debug|Any CPU
		{D4B8408B-60D8-4165-8953-AD6ED147B8D5}.Debug|Any CPU.Build.0 = Debug|Any CPU
		{D4B8408B-60D8-4165-8953-AD6ED147B8D5}.Release|Any CPU.ActiveCfg = Release|Any CPU
		{D4B8408B-60D8-4165-8953-AD6ED147B8D5}.Release|Any CPU.Build.0 = Release|Any CPU
		{996F410C-D629-4947-92AF-23B6E73A0A21}.Debug|Any CPU.ActiveCfg = Debug|Any CPU
		{996F410C-D629-4947-92AF-23B6E73A0A21}.Debug|Any CPU.Build.0 = Debug|Any CPU
		{996F410C-D629-4947-92AF-23B6E73A0A21}.Release|Any CPU.ActiveCfg = Release|Any CPU
		{996F410C-D629-4947-92AF-23B6E73A0A21}.Release|Any CPU.Build.0 = Release|Any CPU
		{3C85E5CF-A7D5-44EF-98D5-996A1DB95D6B}.Debug|Any CPU.ActiveCfg = Debug|Any CPU
		{3C85E5CF-A7D5-44EF-98D5-996A1DB95D6B}.Debug|Any CPU.Build.0 = Debug|Any CPU
		{3C85E5CF-A7D5-44EF-98D5-996A1DB95D6B}.Release|Any CPU.ActiveCfg = Release|Any CPU
		{3C85E5CF-A7D5-44EF-98D5-996A1DB95D6B}.Release|Any CPU.Build.0 = Release|Any CPU
		{D2CA7933-CF10-4EE0-B12A-6EBCCABEC5EA}.Debug|Any CPU.ActiveCfg = Debug|Any CPU
		{D2CA7933-CF10-4EE0-B12A-6EBCCABEC5EA}.Debug|Any CPU.Build.0 = Debug|Any CPU
		{D2CA7933-CF10-4EE0-B12A-6EBCCABEC5EA}.Release|Any CPU.ActiveCfg = Release|Any CPU
		{D2CA7933-CF10-4EE0-B12A-6EBCCABEC5EA}.Release|Any CPU.Build.0 = Release|Any CPU
		{1042D0C4-4317-4614-918E-8EF2FC986817}.Debug|Any CPU.ActiveCfg = Debug|Any CPU
		{1042D0C4-4317-4614-918E-8EF2FC986817}.Debug|Any CPU.Build.0 = Debug|Any CPU
		{1042D0C4-4317-4614-918E-8EF2FC986817}.Release|Any CPU.ActiveCfg = Release|Any CPU
		{1042D0C4-4317-4614-918E-8EF2FC986817}.Release|Any CPU.Build.0 = Release|Any CPU
	EndGlobalSection
	GlobalSection(SolutionProperties) = preSolution
		HideSolutionNode = FALSE
	EndGlobalSection
	GlobalSection(NestedProjects) = preSolution
		{74CE8A7A-06B0-4BDD-BFD2-D1B5D65066DA} = {FEF0D299-A35E-4976-8422-506B2AAA38A2}
		{0DADBF30-53F9-4194-A66D-B3C7E6F0E2DE} = {C3D4BCBD-1B22-45C1-A74A-B21F45C511E1}
		{03F8EB9F-EF8E-494F-834B-3445BACFA46A} = {C3D4BCBD-1B22-45C1-A74A-B21F45C511E1}
		{83D965C2-3A54-4A5B-8059-7A5D1C7C27B5} = {C3D4BCBD-1B22-45C1-A74A-B21F45C511E1}
		{262D2570-7875-4F7A-952C-A6A34298AAAC} = {BEE83FAC-0FAA-4C4F-9FC4-DF641D138C02}
		{116A074E-D17A-4F01-AD0E-8AB47B2A97E8} = {BEE83FAC-0FAA-4C4F-9FC4-DF641D138C02}
		{A994FBE0-6E9A-462E-9F21-ED8190D675FD} = {FEF0D299-A35E-4976-8422-506B2AAA38A2}
		{DFB0F0C2-CB63-42D8-9F61-6A238EB5A9A6} = {C3D4BCBD-1B22-45C1-A74A-B21F45C511E1}
		{711ACB4B-3063-4F9E-88E6-10481741B3BF} = {C3D4BCBD-1B22-45C1-A74A-B21F45C511E1}
		{70A04D61-9265-4DF9-9EC7-FDFA3E5DEFD8} = {FEF0D299-A35E-4976-8422-506B2AAA38A2}
		{D4B8408B-60D8-4165-8953-AD6ED147B8D5} = {BEE83FAC-0FAA-4C4F-9FC4-DF641D138C02}
		{996F410C-D629-4947-92AF-23B6E73A0A21} = {BEE83FAC-0FAA-4C4F-9FC4-DF641D138C02}
		{3C85E5CF-A7D5-44EF-98D5-996A1DB95D6B} = {FEF0D299-A35E-4976-8422-506B2AAA38A2}
		{D2CA7933-CF10-4EE0-B12A-6EBCCABEC5EA} = {C3D4BCBD-1B22-45C1-A74A-B21F45C511E1}
		{1042D0C4-4317-4614-918E-8EF2FC986817} = {C3D4BCBD-1B22-45C1-A74A-B21F45C511E1}
	EndGlobalSection
	GlobalSection(ExtensibilityGlobals) = postSolution
		SolutionGuid = {2470D0A2-8D65-4C41-94F5-4324F1DB51F6}
	EndGlobalSection
EndGlobal
